# This file was autogenerated by Stack.
# You should not edit this file by hand.
# For more information, please see the documentation at:
#   https://docs.haskellstack.org/en/stable/topics/lock_files

packages:
- completed:
    hackage: bowtie-0.5.0@sha256:d749ccd27bb2984ce03b545d2cfde44133de40fa8c49d971fc01f8b214a02ade,2080
    pantry-tree:
      sha256: 485af0c561d0dae96075602bad5802c8f62652ca9b936a87dbd1019cc8b9e61c
      size: 752
  original:
    hackage: bowtie-0.5.0
- completed:
    hackage: int-like-0.1.4@sha256:92db0797a1e87810453cd6539cc14085c5e214f55675f48ce8c82db476891578,1921
    pantry-tree:
      sha256: 47680d25819c7bd4e97dfbb6e4dc2e3ce142ca267b069954340cdb2b68e1690b
      size: 458
  original:
    hackage: int-like-0.1.4
- completed:
    hackage: prop-unit-1.0.1@sha256:db1fdcc30294c15beff28cc62a5baf34a9d217bea3f3fa49720b406f3fc4e94b,3035
    pantry-tree:
      sha256: 84c321efc37e92481c584086a5b85967b991ee5bb17b3db856221d6eef8480b1
      size: 466
  original:
    hackage: prop-unit-1.0.1
snapshots:
- completed:
    sha256: dd89d2322cb5af74c6ab9d96c0c5f6c8e6653e0c991d619b4bb141a49cb98668
    size: 679282
    url: https://raw.githubusercontent.com/commercialhaskell/stackage-snapshots/master/lts/23/3.yaml
  original: lts-23.3
